
Microsoft Visual Studio Solution File, Format Version 12.00
# Visual Studio Version 17
VisualStudioVersion = 17.12.35506.116 d17.12
MinimumVisualStudioVersion = 10.0.40219.1
Project("{FAE04EC0-301F-11D3-BF4B-00C04F79EFBC}") = "SupportAPIWebSession", "SupportAPIWebSession\SupportAPIWebSession.csproj", "{3B87ADDC-2755-4553-8079-05FA4F9652EA}"
EndProject
Global
	GlobalSection(SolutionConfigurationPlatforms) = preSolution
		Debug|Any CPU = Debug|Any CPU
		Release|Any CPU = Release|Any CPU
	EndGlobalSection
	GlobalSection(ProjectConfigurationPlatforms) = postSolution
		{3B87ADDC-2755-4553-8079-05FA4F9652EA}.Debug|Any CPU.ActiveCfg = Debug|Any CPU
		{3B87ADDC-2755-4553-8079-05FA4F9652EA}.Debug|Any CPU.Build.0 = Debug|Any CPU
		{3B87ADDC-2755-4553-8079-05FA4F9652EA}.Release|Any CPU.ActiveCfg = Release|Any CPU
		{3B87ADDC-2755-4553-8079-05FA4F9652EA}.Release|Any CPU.Build.0 = Release|Any CPU
	EndGlobalSection
	GlobalSection(SolutionProperties) = preSolution
		HideSolutionNode = FALSE
	EndGlobalSection
EndGlobal
